
Microsoft Visual Studio Solution File, Format Version 12.00
# Visual Studio Version 17
VisualStudioVersion = 17.14.36616.10
MinimumVisualStudioVersion = 10.0.40219.1
Project("{2150E333-8FDC-42A3-9474-1A3956D46DE8}") = "Task0", "Task0", "{02EA681E-C7D8-13C7-8484-4AC65E1B71E8}"
EndProject
Project("{FAE04EC0-301F-11D3-BF4B-00C04F79EFBC}") = "Tyuiu.BalinVV.Sprint6.Task0.V17.Test", "Tyuiu.BalinVV.Sprint6.Task0.V17.Test\Tyuiu.BalinVV.Sprint6.Task0.V17.Test.csproj", "{9D650F5D-4E4B-44EE-9A02-7737118AEDD5}"
EndProject
Project("{FAE04EC0-301F-11D3-BF4B-00C04F79EFBC}") = "Tyuiu.BalinVV.Sprint6.Task0.V17", "Tyuiu.BalinVV.Sprint6.Task0.V17\Tyuiu.BalinVV.Sprint6.Task0.V17.csproj", "{87368B11-132A-484B-9DB2-3C38F1B1885F}"
EndProject
Project("{FAE04EC0-301F-11D3-BF4B-00C04F79EFBC}") = "Tyuiu.BalinVV.Sprint6.Task0.V17.Lib", "Tyuiu.BalinVV.Sprint6.Task0.V17.Lib\Tyuiu.BalinVV.Sprint6.Task0.V17.Lib.csproj", "{DCA8D7E2-669A-4D71-A91E-083A75F922BA}"
EndProject
Project("{2150E333-8FDC-42A3-9474-1A3956D46DE8}") = "Task1", "Task1", "{97F51A25-4243-4264-8476-0A26EF0FE936}"
EndProject
Project("{FAE04EC0-301F-11D3-BF4B-00C04F79EFBC}") = "Tyuiu.BalinVV.Sprint6.Task1.V13", "Tyuiu.BalinVV.Sprint6.Task1.V13\Tyuiu.BalinVV.Sprint6.Task1.V13.csproj", "{8F7C57BB-4B70-49FB-8FFA-3A05086AE992}"
EndProject
Project("{FAE04EC0-301F-11D3-BF4B-00C04F79EFBC}") = "Tyuiu.BalinVV.Sprint6.Task1.V13.Lib", "Tyuiu.BalinVV.Sprint6.Task1.V13.Lib\Tyuiu.BalinVV.Sprint6.Task1.V13.Lib.csproj", "{0CB6D408-D573-46AE-A2BB-9F9195F02903}"
EndProject
Project("{FAE04EC0-301F-11D3-BF4B-00C04F79EFBC}") = "Tyuiu.BalinVV.Sprint6.Task1.V13.Test", "Tyuiu.BalinVV.Sprint6.Task1.V13.Test\Tyuiu.BalinVV.Sprint6.Task1.V13.Test.csproj", "{AD918841-B7D4-4F19-A2C2-D1BBB9B4AE4A}"
EndProject
Project("{2150E333-8FDC-42A3-9474-1A3956D46DE8}") = "Task2", "Task2", "{904E8E20-61B6-4DE4-9278-492E48227DAA}"
EndProject
Project("{FAE04EC0-301F-11D3-BF4B-00C04F79EFBC}") = "Tyuiu.BalinVV.Sprint6.Task2.V1.Test", "Tyuiu.BalinVV.Sprint6.Task2.V1.Test\Tyuiu.BalinVV.Sprint6.Task2.V1.Test.csproj", "{A5E82BF9-3DBE-452D-8F30-615A40B53135}"
EndProject
Project("{FAE04EC0-301F-11D3-BF4B-00C04F79EFBC}") = "Tyuiu.BalinVV.Sprint6.Task2.V1.Lib", "Tyuiu.BalinVV.Sprint6.Task2.V1.Lib\Tyuiu.BalinVV.Sprint6.Task2.V1.Lib.csproj", "{1B2C2542-4CEA-4EE4-90FD-EC572629330B}"
EndProject
Project("{FAE04EC0-301F-11D3-BF4B-00C04F79EFBC}") = "Tyuiu.BalinVV.Sprint6.Task2.V1", "Tyuiu.BalinVV.Sprint6.Task2.V1\Tyuiu.BalinVV.Sprint6.Task2.V1.csproj", "{1BE8AA57-3422-466D-8153-A357E1B32238}"
EndProject
Project("{2150E333-8FDC-42A3-9474-1A3956D46DE8}") = "Task3", "Task3", "{7162B086-3350-4F28-85C4-DE45AB511138}"
EndProject
Project("{FAE04EC0-301F-11D3-BF4B-00C04F79EFBC}") = "Tyuiu.BalinVV.Sprint6.Task3.V1", "Tyuiu.BalinVV.Sprint6.Task3.V1\Tyuiu.BalinVV.Sprint6.Task3.V1.csproj", "{EDB856DF-97BA-46AC-9134-895CC7A7CEA4}"
EndProject
Project("{FAE04EC0-301F-11D3-BF4B-00C04F79EFBC}") = "Tyuiu.BalinVV.Sprint6.Task3.V1.Lib", "Tyuiu.BalinVV.Sprint6.Task3.V1.Lib\Tyuiu.BalinVV.Sprint6.Task3.V1.Lib.csproj", "{FA6C4191-A0DA-4788-B1BC-4AB0FA2049B9}"
EndProject
Project("{FAE04EC0-301F-11D3-BF4B-00C04F79EFBC}") = "Tyuiu.BalinVV.Sprint6.Task3.V1.Test", "Tyuiu.BalinVV.Sprint6.Task3.V1.Test\Tyuiu.BalinVV.Sprint6.Task3.V1.Test.csproj", "{FCB46379-DB7B-4B88-9B97-701D13401FEB}"
EndProject
Project("{2150E333-8FDC-42A3-9474-1A3956D46DE8}") = "Task4", "Task4", "{9BBFBA79-9437-46E1-B366-8062BE744BBE}"
EndProject
Project("{FAE04EC0-301F-11D3-BF4B-00C04F79EFBC}") = "Tyuiu.BalinVV.Sprint6.Task4.V13", "Tyuiu.BalinVV.Sprint6.Task4.V13\Tyuiu.BalinVV.Sprint6.Task4.V13.csproj", "{3FD299D6-3C20-4B66-93A6-AF28A7A76714}"
EndProject
Project("{FAE04EC0-301F-11D3-BF4B-00C04F79EFBC}") = "Tyuiu.BalinVV.Sprint6.Task4.V13.Test", "Tyuiu.BalinVV.Sprint6.Task4.V13.Test\Tyuiu.BalinVV.Sprint6.Task4.V13.Test.csproj", "{213481CE-63EA-4E9E-9BC6-B5FC154AA4EC}"
EndProject
Project("{FAE04EC0-301F-11D3-BF4B-00C04F79EFBC}") = "Tyuiu.BalinVV.Sprint6.Task4.V13.Lib", "Tyuiu.BalinVV.Sprint6.Task4.V13.Lib\Tyuiu.BalinVV.Sprint6.Task4.V13.Lib.csproj", "{A0CF5D2D-3BCA-4FEE-A86E-3ACBE5F92BCC}"
EndProject
Global
	GlobalSection(SolutionConfigurationPlatforms) = preSolution
		Debug|Any CPU = Debug|Any CPU
		Release|Any CPU = Release|Any CPU
	EndGlobalSection
	GlobalSection(ProjectConfigurationPlatforms) = postSolution
		{9D650F5D-4E4B-44EE-9A02-7737118AEDD5}.Debug|Any CPU.ActiveCfg = Debug|Any CPU
		{9D650F5D-4E4B-44EE-9A02-7737118AEDD5}.Debug|Any CPU.Build.0 = Debug|Any CPU
		{9D650F5D-4E4B-44EE-9A02-7737118AEDD5}.Release|Any CPU.ActiveCfg = Release|Any CPU
		{9D650F5D-4E4B-44EE-9A02-7737118AEDD5}.Release|Any CPU.Build.0 = Release|Any CPU
		{87368B11-132A-484B-9DB2-3C38F1B1885F}.Debug|Any CPU.ActiveCfg = Debug|Any CPU
		{87368B11-132A-484B-9DB2-3C38F1B1885F}.Debug|Any CPU.Build.0 = Debug|Any CPU
		{87368B11-132A-484B-9DB2-3C38F1B1885F}.Release|Any CPU.ActiveCfg = Release|Any CPU
		{87368B11-132A-484B-9DB2-3C38F1B1885F}.Release|Any CPU.Build.0 = Release|Any CPU
		{DCA8D7E2-669A-4D71-A91E-083A75F922BA}.Debug|Any CPU.ActiveCfg = Debug|Any CPU
		{DCA8D7E2-669A-4D71-A91E-083A75F922BA}.Debug|Any CPU.Build.0 = Debug|Any CPU
		{DCA8D7E2-669A-4D71-A91E-083A75F922BA}.Release|Any CPU.ActiveCfg = Release|Any CPU
		{DCA8D7E2-669A-4D71-A91E-083A75F922BA}.Release|Any CPU.Build.0 = Release|Any CPU
		{8F7C57BB-4B70-49FB-8FFA-3A05086AE992}.Debug|Any CPU.ActiveCfg = Debug|Any CPU
		{8F7C57BB-4B70-49FB-8FFA-3A05086AE992}.Debug|Any CPU.Build.0 = Debug|Any CPU
		{8F7C57BB-4B70-49FB-8FFA-3A05086AE992}.Release|Any CPU.ActiveCfg = Release|Any CPU
		{8F7C57BB-4B70-49FB-8FFA-3A05086AE992}.Release|Any CPU.Build.0 = Release|Any CPU
		{0CB6D408-D573-46AE-A2BB-9F9195F02903}.Debug|Any CPU.ActiveCfg = Debug|Any CPU
		{0CB6D408-D573-46AE-A2BB-9F9195F02903}.Debug|Any CPU.Build.0 = Debug|Any CPU
		{0CB6D408-D573-46AE-A2BB-9F9195F02903}.Release|Any CPU.ActiveCfg = Release|Any CPU
		{0CB6D408-D573-46AE-A2BB-9F9195F02903}.Release|Any CPU.Build.0 = Release|Any CPU
		{AD918841-B7D4-4F19-A2C2-D1BBB9B4AE4A}.Debug|Any CPU.ActiveCfg = Debug|Any CPU
		{AD918841-B7D4-4F19-A2C2-D1BBB9B4AE4A}.Debug|Any CPU.Build.0 = Debug|Any CPU
		{AD918841-B7D4-4F19-A2C2-D1BBB9B4AE4A}.Release|Any CPU.ActiveCfg = Release|Any CPU
		{AD918841-B7D4-4F19-A2C2-D1BBB9B4AE4A}.Release|Any CPU.Build.0 = Release|Any CPU
		{A5E82BF9-3DBE-452D-8F30-615A40B53135}.Debug|Any CPU.ActiveCfg = Debug|Any CPU
		{A5E82BF9-3DBE-452D-8F30-615A40B53135}.Debug|Any CPU.Build.0 = Debug|Any CPU
		{A5E82BF9-3DBE-452D-8F30-615A40B53135}.Release|Any CPU.ActiveCfg = Release|Any CPU
		{A5E82BF9-3DBE-452D-8F30-615A40B53135}.Release|Any CPU.Build.0 = Release|Any CPU
		{1B2C2542-4CEA-4EE4-90FD-EC572629330B}.Debug|Any CPU.ActiveCfg = Debug|Any CPU
		{1B2C2542-4CEA-4EE4-90FD-EC572629330B}.Debug|Any CPU.Build.0 = Debug|Any CPU
		{1B2C2542-4CEA-4EE4-90FD-EC572629330B}.Release|Any CPU.ActiveCfg = Release|Any CPU
		{1B2C2542-4CEA-4EE4-90FD-EC572629330B}.Release|Any CPU.Build.0 = Release|Any CPU
		{1BE8AA57-3422-466D-8153-A357E1B32238}.Debug|Any CPU.ActiveCfg = Debug|Any CPU
		{1BE8AA57-3422-466D-8153-A357E1B32238}.Debug|Any CPU.Build.0 = Debug|Any CPU
		{1BE8AA57-3422-466D-8153-A357E1B32238}.Release|Any CPU.ActiveCfg = Release|Any CPU
		{1BE8AA57-3422-466D-8153-A357E1B32238}.Release|Any CPU.Build.0 = Release|Any CPU
		{EDB856DF-97BA-46AC-9134-895CC7A7CEA4}.Debug|Any CPU.ActiveCfg = Debug|Any CPU
		{EDB856DF-97BA-46AC-9134-895CC7A7CEA4}.Debug|Any CPU.Build.0 = Debug|Any CPU
		{EDB856DF-97BA-46AC-9134-895CC7A7CEA4}.Release|Any CPU.ActiveCfg = Release|Any CPU
		{EDB856DF-97BA-46AC-9134-895CC7A7CEA4}.Release|Any CPU.Build.0 = Release|Any CPU
		{FA6C4191-A0DA-4788-B1BC-4AB0FA2049B9}.Debug|Any CPU.ActiveCfg = Debug|Any CPU
		{FA6C4191-A0DA-4788-B1BC-4AB0FA2049B9}.Debug|Any CPU.Build.0 = Debug|Any CPU
		{FA6C4191-A0DA-4788-B1BC-4AB0FA2049B9}.Release|Any CPU.ActiveCfg = Release|Any CPU
		{FA6C4191-A0DA-4788-B1BC-4AB0FA2049B9}.Release|Any CPU.Build.0 = Release|Any CPU
		{FCB46379-DB7B-4B88-9B97-701D13401FEB}.Debug|Any CPU.ActiveCfg = Debug|Any CPU
		{FCB46379-DB7B-4B88-9B97-701D13401FEB}.Debug|Any CPU.Build.0 = Debug|Any CPU
		{FCB46379-DB7B-4B88-9B97-701D13401FEB}.Release|Any CPU.ActiveCfg = Release|Any CPU
		{FCB46379-DB7B-4B88-9B97-701D13401FEB}.Release|Any CPU.Build.0 = Release|Any CPU
		{3FD299D6-3C20-4B66-93A6-AF28A7A76714}.Debug|Any CPU.ActiveCfg = Debug|Any CPU
		{3FD299D6-3C20-4B66-93A6-AF28A7A76714}.Debug|Any CPU.Build.0 = Debug|Any CPU
		{3FD299D6-3C20-4B66-93A6-AF28A7A76714}.Release|Any CPU.ActiveCfg = Release|Any CPU
		{3FD299D6-3C20-4B66-93A6-AF28A7A76714}.Release|Any CPU.Build.0 = Release|Any CPU
		{213481CE-63EA-4E9E-9BC6-B5FC154AA4EC}.Debug|Any CPU.ActiveCfg = Debug|Any CPU
		{213481CE-63EA-4E9E-9BC6-B5FC154AA4EC}.Debug|Any CPU.Build.0 = Debug|Any CPU
		{213481CE-63EA-4E9E-9BC6-B5FC154AA4EC}.Release|Any CPU.ActiveCfg = Release|Any CPU
		{213481CE-63EA-4E9E-9BC6-B5FC154AA4EC}.Release|Any CPU.Build.0 = Release|Any CPU
		{A0CF5D2D-3BCA-4FEE-A86E-3ACBE5F92BCC}.Debug|Any CPU.ActiveCfg = Debug|Any CPU
		{A0CF5D2D-3BCA-4FEE-A86E-3ACBE5F92BCC}.Debug|Any CPU.Build.0 = Debug|Any CPU
		{A0CF5D2D-3BCA-4FEE-A86E-3ACBE5F92BCC}.Release|Any CPU.ActiveCfg = Release|Any CPU
		{A0CF5D2D-3BCA-4FEE-A86E-3ACBE5F92BCC}.Release|Any CPU.Build.0 = Release|Any CPU
	EndGlobalSection
	GlobalSection(SolutionProperties) = preSolution
		HideSolutionNode = FALSE
	EndGlobalSection
	GlobalSection(NestedProjects) = preSolution
		{9D650F5D-4E4B-44EE-9A02-7737118AEDD5} = {02EA681E-C7D8-13C7-8484-4AC65E1B71E8}
		{87368B11-132A-484B-9DB2-3C38F1B1885F} = {02EA681E-C7D8-13C7-8484-4AC65E1B71E8}
		{DCA8D7E2-669A-4D71-A91E-083A75F922BA} = {02EA681E-C7D8-13C7-8484-4AC65E1B71E8}
		{8F7C57BB-4B70-49FB-8FFA-3A05086AE992} = {97F51A25-4243-4264-8476-0A26EF0FE936}
		{0CB6D408-D573-46AE-A2BB-9F9195F02903} = {97F51A25-4243-4264-8476-0A26EF0FE936}
		{AD918841-B7D4-4F19-A2C2-D1BBB9B4AE4A} = {97F51A25-4243-4264-8476-0A26EF0FE936}
		{A5E82BF9-3DBE-452D-8F30-615A40B53135} = {904E8E20-61B6-4DE4-9278-492E48227DAA}
		{1B2C2542-4CEA-4EE4-90FD-EC572629330B} = {904E8E20-61B6-4DE4-9278-492E48227DAA}
		{1BE8AA57-3422-466D-8153-A357E1B32238} = {904E8E20-61B6-4DE4-9278-492E48227DAA}
		{EDB856DF-97BA-46AC-9134-895CC7A7CEA4} = {7162B086-3350-4F28-85C4-DE45AB511138}
		{FA6C4191-A0DA-4788-B1BC-4AB0FA2049B9} = {7162B086-3350-4F28-85C4-DE45AB511138}
		{FCB46379-DB7B-4B88-9B97-701D13401FEB} = {7162B086-3350-4F28-85C4-DE45AB511138}
		{3FD299D6-3C20-4B66-93A6-AF28A7A76714} = {9BBFBA79-9437-46E1-B366-8062BE744BBE}
		{213481CE-63EA-4E9E-9BC6-B5FC154AA4EC} = {9BBFBA79-9437-46E1-B366-8062BE744BBE}
		{A0CF5D2D-3BCA-4FEE-A86E-3ACBE5F92BCC} = {9BBFBA79-9437-46E1-B366-8062BE744BBE}
	EndGlobalSection
	GlobalSection(ExtensibilityGlobals) = postSolution
		SolutionGuid = {A29E605A-97E8-4FB1-A76C-A9053FAF33EF}
	EndGlobalSection
EndGlobal
